// !$*UTF8*$!
{
	archiveVersion = 1;
	classes = {
	};
	objectVersion = 56;
	objects = {

/* Begin PBXBuildFile section */
		C0B1C0102E6C5F6700001010 /* CachedAsyncImage.swift in Sources */ = {isa = PBXBuildFile; fileRef = C0B1C0022E6C5F6700001002 /* CachedAsyncImage.swift */; };
		C0B1C0112E6C5F6700001011 /* CameraBarcodeScannerView.swift in Sources */ = {isa = PBXBuildFile; fileRef = C0B1C0122E6C5F6700001012 /* CameraBarcodeScannerView.swift */; };
		C0B1C0132E6C5F6700001013 /* BarcodeScannerViewController.swift in Sources */ = {isa = PBXBuildFile; fileRef = C0B1C0142E6C5F6700001014 /* BarcodeScannerViewController.swift */; };
		C0B2D0102E6C5F670000300A /* BarcodeScannerViewModel.swift in Sources */ = {isa = PBXBuildFile; fileRef = C0B2D0022E6C5F6700003002 /* BarcodeScannerViewModel.swift */; };
		C0B2D0112E6C5F670000300B /* PlateAnalysisViewModel.swift in Sources */ = {isa = PBXBuildFile; fileRef = C0B2D0032E6C5F6700003003 /* PlateAnalysisViewModel.swift */; };
		C0B3E0102E6C5F670000400A /* RecentScan.swift in Sources */ = {isa = PBXBuildFile; fileRef = C0B3E0012E6C5F6700004001 /* RecentScan.swift */; };
		C0B3E0112E6C5F670000400B /* RecentScanRow.swift in Sources */ = {isa = PBXBuildFile; fileRef = C0B3E0022E6C5F6700004002 /* RecentScanRow.swift */; };
		CE32B42F2E78409D0044B77D /* NutriScoreInfoView.swift in Sources */ = {isa = PBXBuildFile; fileRef = CEAAAB212E75B2BA00E68E6B /* NutriScoreInfoView.swift */; };
		CE49597B2E73FDE600E68E6B /* plate_analysis.png in Resources */ = {isa = PBXBuildFile; fileRef = CE49597A2E73FDE600E68E6B /* plate_analysis.png */; };
		CE49597E2E7443A200E68E6B /* PlateProgressRingView.swift in Sources */ = {isa = PBXBuildFile; fileRef = CE49597D2E7443A200E68E6B /* PlateProgressRingView.swift */; };
		CE4959822E745D6000E68E6B /* IMG_9509.PNG in Resources */ = {isa = PBXBuildFile; fileRef = CE4959802E745D6000E68E6B /* IMG_9509.PNG */; };
		CE4959832E745D6000E68E6B /* IMG_9510.PNG in Resources */ = {isa = PBXBuildFile; fileRef = CE4959812E745D6000E68E6B /* IMG_9510.PNG */; };
		CEAAAB012E75AAAA00E68E6B /* PlateHistoryDetailView.swift in Sources */ = {isa = PBXBuildFile; fileRef = CEAAAB002E75AAAA00E68E6B /* PlateHistoryDetailView.swift */; };
		CEAAAB122E75AABB00E68E6B /* NutriScoreBadge.swift in Sources */ = {isa = PBXBuildFile; fileRef = CEAAAB112E75AABA00E68E6B /* NutriScoreBadge.swift */; };
		CEAAAB322E75B8AA00E68E6B /* NutritionCard.swift in Sources */ = {isa = PBXBuildFile; fileRef = CEAAAB312E75B8AA00E68E6B /* NutritionCard.swift */; };
		CED6D9E92E6F09A4006C1A7A /* Launch Screen.storyboard in Resources */ = {isa = PBXBuildFile; fileRef = CED6D9E82E6F09A4006C1A7A /* Launch Screen.storyboard */; };
		CED6D9EC2E7061EC006C1A7A /* PlateAnalysisResultView.swift in Sources */ = {isa = PBXBuildFile; fileRef = CED6D9EA2E7061EC006C1A7A /* PlateAnalysisResultView.swift */; };
		CED6D9ED2E7061EC006C1A7A /* PlateAnalysisView.swift in Sources */ = {isa = PBXBuildFile; fileRef = CED6D9EB2E7061EC006C1A7A /* PlateAnalysisView.swift */; };
		CED6D9EF2E706430006C1A7A /* PersonalizedInsightCarousel.swift in Sources */ = {isa = PBXBuildFile; fileRef = CED6D9EE2E706430006C1A7A /* PersonalizedInsightCarousel.swift */; };
		CED6D9F12E70669A006C1A7A /* PlateAnalysisHistory.swift in Sources */ = {isa = PBXBuildFile; fileRef = CED6D9F02E70669A006C1A7A /* PlateAnalysisHistory.swift */; };
		CED6D9F32E7066B5006C1A7A /* PlateDetailView.swift in Sources */ = {isa = PBXBuildFile; fileRef = CED6D9F22E7066B5006C1A7A /* PlateDetailView.swift */; };
		CED6D9F72E7180BD006C1A7A /* ARPlateScanNutrition.swift in Sources */ = {isa = PBXBuildFile; fileRef = CED6D9F62E7180BD006C1A7A /* ARPlateScanNutrition.swift */; };
		CED6D9F92E7189DD006C1A7A /* DualCameraPlateScannerViewController.swift in Sources */ = {isa = PBXBuildFile; fileRef = CED6D9F82E7189DD006C1A7A /* DualCameraPlateScannerViewController.swift */; };
		CEE1A0C82E718D8C00A8F810 /* ARPlateScannerViewController.swift in Sources */ = {isa = PBXBuildFile; fileRef = CEE1A0C72E718D8C00A8F810 /* ARPlateScannerViewController.swift */; };
		CEE1A0CA2E719DD400A8F810 /* OpenAIService.swift in Sources */ = {isa = PBXBuildFile; fileRef = CEE1A0C92E719DD400A8F810 /* OpenAIService.swift */; };
		CEEAF2FE2E784F0600C23C6E /* Localization in Resources */ = {isa = PBXBuildFile; fileRef = CEEAF2FD2E784F0600C23C6E /* Localization */; };
		CEF23E4F2E6C5F66002B903F /* norrishApp.swift in Sources */ = {isa = PBXBuildFile; fileRef = CEF23E4E2E6C5F66002B903F /* norrishApp.swift */; };
		CEF23E512E6C5F66002B903F /* ContentView.swift in Sources */ = {isa = PBXBuildFile; fileRef = CEF23E502E6C5F66002B903F /* ContentView.swift */; };
		CEF23E532E6C5F66002B903F /* Item.swift in Sources */ = {isa = PBXBuildFile; fileRef = CEF23E522E6C5F66002B903F /* Item.swift */; };
		CEF23E552E6C5F67002B903F /* Assets.xcassets in Resources */ = {isa = PBXBuildFile; fileRef = CEF23E542E6C5F67002B903F /* Assets.xcassets */; };
		CEF23E582E6C5F67002B903F /* Preview Assets.xcassets in Resources */ = {isa = PBXBuildFile; fileRef = CEF23E572E6C5F67002B903F /* Preview Assets.xcassets */; };
		CEF0A0112E79AAAA00000011 /* LocalizationDebug.swift in Sources */ = {isa = PBXBuildFile; fileRef = CEF0A0012E79AAAA00000001 /* LocalizationDebug.swift */; };
		CEF0A0122E79AAAA00000012 /* String+Localization.swift in Sources */ = {isa = PBXBuildFile; fileRef = CEF0A0022E79AAAA00000002 /* String+Localization.swift */; };
		CEF23E622E6C5F67002B903F /* healthScannerTests.swift in Sources */ = {isa = PBXBuildFile; fileRef = CEF23E612E6C5F67002B903F /* healthScannerTests.swift */; };
		CEF23E6C2E6C5F67002B903F /* healthScannerUITests.swift in Sources */ = {isa = PBXBuildFile; fileRef = CEF23E6B2E6C5F67002B903F /* healthScannerUITests.swift */; };
		CEF23E6E2E6C5F67002B903F /* healthScannerUITestsLaunchTests.swift in Sources */ = {isa = PBXBuildFile; fileRef = CEF23E6D2E6C5F67002B903F /* healthScannerUITestsLaunchTests.swift */; };
		CEF23E832E6C655B002B903F /* BarcodeScannerView.swift in Sources */ = {isa = PBXBuildFile; fileRef = CEF23E822E6C655B002B903F /* BarcodeScannerView.swift */; };
		CEF23E852E6C658C002B903F /* Product.swift in Sources */ = {isa = PBXBuildFile; fileRef = CEF23E842E6C658C002B903F /* Product.swift */; };
		CEF23E872E6C65D0002B903F /* ProductDetailView.swift in Sources */ = {isa = PBXBuildFile; fileRef = CEF23E862E6C65CF002B903F /* ProductDetailView.swift */; };
		CEF23E892E6C65FA002B903F /* ProductService.swift in Sources */ = {isa = PBXBuildFile; fileRef = CEF23E882E6C65FA002B903F /* ProductService.swift */; };
		CEF23E8B2E6C6600002B903F /* ImageCacheService.swift in Sources */ = {isa = PBXBuildFile; fileRef = CEF23E8A2E6C6600002B903F /* ImageCacheService.swift */; };
		CEF23E912E6C660F002B903F /* NutriScoreUtilities.swift in Sources */ = {isa = PBXBuildFile; fileRef = CEF23E902E6C660F002B903F /* NutriScoreUtilities.swift */; };
/* End PBXBuildFile section */

/* Begin PBXContainerItemProxy section */
		CEF23E5E2E6C5F67002B903F /* PBXContainerItemProxy */ = {
			isa = PBXContainerItemProxy;
			containerPortal = CEF23E432E6C5F66002B903F /* Project object */;
			proxyType = 1;
			remoteGlobalIDString = CEF23E4A2E6C5F66002B903F;
			remoteInfo = healthScanner;
		};
		CEF23E682E6C5F67002B903F /* PBXContainerItemProxy */ = {
			isa = PBXContainerItemProxy;
			containerPortal = CEF23E432E6C5F66002B903F /* Project object */;
			proxyType = 1;
			remoteGlobalIDString = CEF23E4A2E6C5F66002B903F;
			remoteInfo = healthScanner;
		};
/* End PBXContainerItemProxy section */

/* Begin PBXFileReference section */
		C0A1B2D02E6C5F670000000D /* Info.plist */ = {isa = PBXFileReference; lastKnownFileType = text.plist.xml; path = Info.plist; sourceTree = "<group>"; };
		C0B1C0022E6C5F6700001002 /* CachedAsyncImage.swift */ = {isa = PBXFileReference; lastKnownFileType = sourcecode.swift; path = CachedAsyncImage.swift; sourceTree = "<group>"; };
		C0B1C0122E6C5F6700001012 /* CameraBarcodeScannerView.swift */ = {isa = PBXFileReference; lastKnownFileType = sourcecode.swift; path = CameraBarcodeScannerView.swift; sourceTree = "<group>"; };
		C0B1C0142E6C5F6700001014 /* BarcodeScannerViewController.swift */ = {isa = PBXFileReference; lastKnownFileType = sourcecode.swift; path = BarcodeScannerViewController.swift; sourceTree = "<group>"; };
		C0B2D0022E6C5F6700003002 /* BarcodeScannerViewModel.swift */ = {isa = PBXFileReference; lastKnownFileType = sourcecode.swift; name = BarcodeScannerViewModel.swift; path = healthScanner/ViewModels/BarcodeScannerViewModel.swift; sourceTree = SOURCE_ROOT; };
		C0B2D0032E6C5F6700003003 /* PlateAnalysisViewModel.swift */ = {isa = PBXFileReference; lastKnownFileType = sourcecode.swift; name = PlateAnalysisViewModel.swift; path = healthScanner/ViewModels/PlateAnalysisViewModel.swift; sourceTree = SOURCE_ROOT; };
		C0B3E0012E6C5F6700004001 /* RecentScan.swift */ = {isa = PBXFileReference; lastKnownFileType = sourcecode.swift; path = RecentScan.swift; sourceTree = "<group>"; };
		C0B3E0022E6C5F6700004002 /* RecentScanRow.swift */ = {isa = PBXFileReference; lastKnownFileType = sourcecode.swift; path = RecentScanRow.swift; sourceTree = "<group>"; };
		CE49597A2E73FDE600E68E6B /* plate_analysis.png */ = {isa = PBXFileReference; lastKnownFileType = image.png; path = plate_analysis.png; sourceTree = "<group>"; };
		CE49597D2E7443A200E68E6B /* PlateProgressRingView.swift */ = {isa = PBXFileReference; lastKnownFileType = sourcecode.swift; path = PlateProgressRingView.swift; sourceTree = "<group>"; };
		CE4959802E745D6000E68E6B /* IMG_9509.PNG */ = {isa = PBXFileReference; lastKnownFileType = image.png; path = IMG_9509.PNG; sourceTree = "<group>"; };
		CE4959812E745D6000E68E6B /* IMG_9510.PNG */ = {isa = PBXFileReference; lastKnownFileType = image.png; path = IMG_9510.PNG; sourceTree = "<group>"; };
		CEAAAB002E75AAAA00E68E6B /* PlateHistoryDetailView.swift */ = {isa = PBXFileReference; lastKnownFileType = sourcecode.swift; path = PlateHistoryDetailView.swift; sourceTree = "<group>"; };
		CEAAAB112E75AABA00E68E6B /* NutriScoreBadge.swift */ = {isa = PBXFileReference; lastKnownFileType = sourcecode.swift; path = NutriScoreBadge.swift; sourceTree = "<group>"; };
		CEAAAB212E75B2BA00E68E6B /* NutriScoreInfoView.swift */ = {isa = PBXFileReference; lastKnownFileType = sourcecode.swift; path = NutriScoreInfoView.swift; sourceTree = "<group>"; };
		CEAAAB312E75B8AA00E68E6B /* NutritionCard.swift */ = {isa = PBXFileReference; lastKnownFileType = sourcecode.swift; path = NutritionCard.swift; sourceTree = "<group>"; };
		CED6D9E82E6F09A4006C1A7A /* Launch Screen.storyboard */ = {isa = PBXFileReference; lastKnownFileType = file.storyboard; path = "Launch Screen.storyboard"; sourceTree = "<group>"; };
		CED6D9EA2E7061EC006C1A7A /* PlateAnalysisResultView.swift */ = {isa = PBXFileReference; fileEncoding = 4; lastKnownFileType = sourcecode.swift; path = PlateAnalysisResultView.swift; sourceTree = "<group>"; };
		CED6D9EB2E7061EC006C1A7A /* PlateAnalysisView.swift */ = {isa = PBXFileReference; fileEncoding = 4; lastKnownFileType = sourcecode.swift; path = PlateAnalysisView.swift; sourceTree = "<group>"; };
		CED6D9EE2E706430006C1A7A /* PersonalizedInsightCarousel.swift */ = {isa = PBXFileReference; fileEncoding = 4; lastKnownFileType = sourcecode.swift; path = PersonalizedInsightCarousel.swift; sourceTree = "<group>"; };
		CED6D9F02E70669A006C1A7A /* PlateAnalysisHistory.swift */ = {isa = PBXFileReference; fileEncoding = 4; lastKnownFileType = sourcecode.swift; path = PlateAnalysisHistory.swift; sourceTree = "<group>"; };
		CED6D9F22E7066B5006C1A7A /* PlateDetailView.swift */ = {isa = PBXFileReference; fileEncoding = 4; lastKnownFileType = sourcecode.swift; path = PlateDetailView.swift; sourceTree = "<group>"; };
		CED6D9F62E7180BD006C1A7A /* ARPlateScanNutrition.swift */ = {isa = PBXFileReference; lastKnownFileType = sourcecode.swift; path = ARPlateScanNutrition.swift; sourceTree = "<group>"; };
		CED6D9F82E7189DD006C1A7A /* DualCameraPlateScannerViewController.swift */ = {isa = PBXFileReference; lastKnownFileType = sourcecode.swift; path = DualCameraPlateScannerViewController.swift; sourceTree = "<group>"; };
		CEE1A0C72E718D8C00A8F810 /* ARPlateScannerViewController.swift */ = {isa = PBXFileReference; lastKnownFileType = sourcecode.swift; path = ARPlateScannerViewController.swift; sourceTree = "<group>"; };
		CEE1A0C92E719DD400A8F810 /* OpenAIService.swift */ = {isa = PBXFileReference; lastKnownFileType = sourcecode.swift; path = OpenAIService.swift; sourceTree = "<group>"; };
		CEEAF2FD2E784F0600C23C6E /* Localization */ = {isa = PBXFileReference; lastKnownFileType = folder; path = Localization; sourceTree = "<group>"; };
		CEF23E4B2E6C5F66002B903F /* healthScanner.app */ = {isa = PBXFileReference; explicitFileType = wrapper.application; includeInIndex = 0; path = healthScanner.app; sourceTree = BUILT_PRODUCTS_DIR; };
		CEF23E4E2E6C5F66002B903F /* norrishApp.swift */ = {isa = PBXFileReference; lastKnownFileType = sourcecode.swift; path = norrishApp.swift; sourceTree = "<group>"; };
		CEF23E502E6C5F66002B903F /* ContentView.swift */ = {isa = PBXFileReference; lastKnownFileType = sourcecode.swift; path = ContentView.swift; sourceTree = "<group>"; };
		CEF23E522E6C5F66002B903F /* Item.swift */ = {isa = PBXFileReference; lastKnownFileType = sourcecode.swift; path = Item.swift; sourceTree = "<group>"; };
		CEF23E542E6C5F67002B903F /* Assets.xcassets */ = {isa = PBXFileReference; lastKnownFileType = folder.assetcatalog; path = Assets.xcassets; sourceTree = "<group>"; };
		CEF23E572E6C5F67002B903F /* Preview Assets.xcassets */ = {isa = PBXFileReference; lastKnownFileType = folder.assetcatalog; path = "Preview Assets.xcassets"; sourceTree = "<group>"; };
		CEF23E5D2E6C5F67002B903F /* healthScannerTests.xctest */ = {isa = PBXFileReference; explicitFileType = wrapper.cfbundle; includeInIndex = 0; path = healthScannerTests.xctest; sourceTree = BUILT_PRODUCTS_DIR; };
		CEF23E612E6C5F67002B903F /* healthScannerTests.swift */ = {isa = PBXFileReference; lastKnownFileType = sourcecode.swift; path = healthScannerTests.swift; sourceTree = "<group>"; };
		CEF23E672E6C5F67002B903F /* healthScannerUITests.xctest */ = {isa = PBXFileReference; explicitFileType = wrapper.cfbundle; includeInIndex = 0; path = healthScannerUITests.xctest; sourceTree = BUILT_PRODUCTS_DIR; };
		CEF23E6B2E6C5F67002B903F /* healthScannerUITests.swift */ = {isa = PBXFileReference; lastKnownFileType = sourcecode.swift; path = healthScannerUITests.swift; sourceTree = "<group>"; };
		CEF23E6D2E6C5F67002B903F /* healthScannerUITestsLaunchTests.swift */ = {isa = PBXFileReference; lastKnownFileType = sourcecode.swift; path = healthScannerUITestsLaunchTests.swift; sourceTree = "<group>"; };
		CEF23E822E6C655B002B903F /* BarcodeScannerView.swift */ = {isa = PBXFileReference; lastKnownFileType = sourcecode.swift; path = BarcodeScannerView.swift; sourceTree = "<group>"; };
		CEF23E842E6C658C002B903F /* Product.swift */ = {isa = PBXFileReference; lastKnownFileType = sourcecode.swift; path = Product.swift; sourceTree = "<group>"; };
		CEF23E862E6C65CF002B903F /* ProductDetailView.swift */ = {isa = PBXFileReference; lastKnownFileType = sourcecode.swift; path = ProductDetailView.swift; sourceTree = "<group>"; };
		CEF23E882E6C65FA002B903F /* ProductService.swift */ = {isa = PBXFileReference; lastKnownFileType = sourcecode.swift; path = ProductService.swift; sourceTree = "<group>"; };
		CEF23E8A2E6C6600002B903F /* ImageCacheService.swift */ = {isa = PBXFileReference; lastKnownFileType = sourcecode.swift; path = ImageCacheService.swift; sourceTree = "<group>"; };
		CEF23E902E6C660F002B903F /* NutriScoreUtilities.swift */ = {isa = PBXFileReference; lastKnownFileType = sourcecode.swift; path = NutriScoreUtilities.swift; sourceTree = "<group>"; };
		CEF0A0012E79AAAA00000001 /* LocalizationDebug.swift */ = {isa = PBXFileReference; lastKnownFileType = sourcecode.swift; path = LocalizationDebug.swift; sourceTree = "<group>"; };
		CEF0A0022E79AAAA00000002 /* String+Localization.swift */ = {isa = PBXFileReference; lastKnownFileType = sourcecode.swift; path = String+Localization.swift; sourceTree = "<group>"; };
/* End PBXFileReference section */

/* Begin PBXFrameworksBuildPhase section */
		CEF23E482E6C5F66002B903F /* Frameworks */ = {
			isa = PBXFrameworksBuildPhase;
			buildActionMask = 2147483647;
			files = (
			);
			runOnlyForDeploymentPostprocessing = 0;
		};
		CEF23E5A2E6C5F67002B903F /* Frameworks */ = {
			isa = PBXFrameworksBuildPhase;
			buildActionMask = 2147483647;
			files = (
			);
			runOnlyForDeploymentPostprocessing = 0;
		};
		CEF23E642E6C5F67002B903F /* Frameworks */ = {
			isa = PBXFrameworksBuildPhase;
			buildActionMask = 2147483647;
			files = (
			);
			runOnlyForDeploymentPostprocessing = 0;
		};
/* End PBXFrameworksBuildPhase section */

/* Begin PBXGroup section */
		C0A1B2C32E6C5F6700000001 /* Models */ = {
			isa = PBXGroup;
			children = (
				CEF23E842E6C658C002B903F /* Product.swift */,
				CEF23E902E6C660F002B903F /* NutriScoreUtilities.swift */,
				CED6D9F02E70669A006C1A7A /* PlateAnalysisHistory.swift */,
				CEF23E522E6C5F66002B903F /* Item.swift */,
				C0B3E0012E6C5F6700004001 /* RecentScan.swift */,
			);
			path = Models;
			sourceTree = "<group>";
		};
		C0A1B2C42E6C5F6700000002 /* Services */ = {
			isa = PBXGroup;
			children = (
				CEF23E882E6C65FA002B903F /* ProductService.swift */,
				CEF23E8A2E6C6600002B903F /* ImageCacheService.swift */,
				CEE1A0C92E719DD400A8F810 /* OpenAIService.swift */,
			);
			path = Services;
			sourceTree = "<group>";
		};
		C0A1B2C52E6C5F6700000003 /* Views */ = {
			isa = PBXGroup;
			children = (
				CEF23E502E6C5F66002B903F /* ContentView.swift */,
				CEF23E862E6C65CF002B903F /* ProductDetailView.swift */,
				CED6D9EB2E7061EC006C1A7A /* PlateAnalysisView.swift */,
				CED6D9EA2E7061EC006C1A7A /* PlateAnalysisResultView.swift */,
				CED6D9F22E7066B5006C1A7A /* PlateDetailView.swift */,
				CEAAAB212E75B2BA00E68E6B /* NutriScoreInfoView.swift */,
				CEAAAB002E75AAAA00E68E6B /* PlateHistoryDetailView.swift */,
				CED6D9EE2E706430006C1A7A /* PersonalizedInsightCarousel.swift */,
				C0B1C0012E6C5F6700001001 /* Components */,
			);
			path = Views;
			sourceTree = "<group>";
		};
		C0A1B2C62E6C5F6700000004 /* Scanning */ = {
			isa = PBXGroup;
			children = (
				CE49597C2E74438F00E68E6B /* Overlay */,
				C0A1B2C72E6C5F6700000005 /* Barcode */,
				C0A1B2C82E6C5F6700000006 /* AR */,
			);
			path = Scanning;
			sourceTree = "<group>";
		};
		C0A1B2C72E6C5F6700000005 /* Barcode */ = {
			isa = PBXGroup;
			children = (
				CEF23E822E6C655B002B903F /* BarcodeScannerView.swift */,
				C0B1C0122E6C5F6700001012 /* CameraBarcodeScannerView.swift */,
				C0B1C0142E6C5F6700001014 /* BarcodeScannerViewController.swift */,
			);
			path = Barcode;
			sourceTree = "<group>";
		};
		C0A1B2C82E6C5F6700000006 /* AR */ = {
			isa = PBXGroup;
			children = (
				CED6D9F62E7180BD006C1A7A /* ARPlateScanNutrition.swift */,
				CEE1A0C72E718D8C00A8F810 /* ARPlateScannerViewController.swift */,
				CED6D9F82E7189DD006C1A7A /* DualCameraPlateScannerViewController.swift */,
			);
			path = AR;
			sourceTree = "<group>";
		};
		C0A1B2C92E6C5F6700000007 /* Resources */ = {
			isa = PBXGroup;
			children = (
				CEEAF2FD2E784F0600C23C6E /* Localization */,
				CE4959792E73FDC300E68E6B /* images */,
				CEF23E542E6C5F67002B903F /* Assets.xcassets */,
				CEF23E562E6C5F67002B903F /* Resources/Preview Content */,
				CED6D9E82E6F09A4006C1A7A /* Launch Screen.storyboard */,
				C0A1B2D02E6C5F670000000D /* Info.plist */,
			);
			path = Resources;
			sourceTree = "<group>";
		};
		C0B1C0012E6C5F6700001001 /* Components */ = {
			isa = PBXGroup;
			children = (
				C0B1C0022E6C5F6700001002 /* CachedAsyncImage.swift */,
				CEAAAB112E75AABA00E68E6B /* NutriScoreBadge.swift */,
				CEAAAB312E75B8AA00E68E6B /* NutritionCard.swift */,
				C0B3E0022E6C5F6700004002 /* RecentScanRow.swift */,
			);
			path = Components;
			sourceTree = "<group>";
		};
		C0B2D0012E6C5F6700003001 /* ViewModels */ = {
			isa = PBXGroup;
			children = (
				C0B2D0022E6C5F6700003002 /* BarcodeScannerViewModel.swift */,
				C0B2D0032E6C5F6700003003 /* PlateAnalysisViewModel.swift */,
			);
			path = ViewModels;
			sourceTree = "<group>";
		};
		CE4959792E73FDC300E68E6B /* images */ = {
			isa = PBXGroup;
			children = (
				CE4959802E745D6000E68E6B /* IMG_9509.PNG */,
				CE4959812E745D6000E68E6B /* IMG_9510.PNG */,
				CE49597F2E745D4A00E68E6B /* screenshots */,
				CE49597A2E73FDE600E68E6B /* plate_analysis.png */,
			);
			path = images;
			sourceTree = "<group>";
		};
		CE49597C2E74438F00E68E6B /* Overlay */ = {
			isa = PBXGroup;
			children = (
				CE49597D2E7443A200E68E6B /* PlateProgressRingView.swift */,
			);
			path = Overlay;
			sourceTree = "<group>";
		};
		CE49597F2E745D4A00E68E6B /* screenshots */ = {
			isa = PBXGroup;
			children = (
			);
			path = screenshots;
			sourceTree = "<group>";
		};
		CEF23E422E6C5F66002B903F = {
			isa = PBXGroup;
			children = (
				CEF23E4D2E6C5F66002B903F /* healthScanner */,
				CEF23E602E6C5F67002B903F /* healthScannerTests */,
				CEF23E6A2E6C5F67002B903F /* healthScannerUITests */,
				CEF23E4C2E6C5F66002B903F /* Products */,
			);
			sourceTree = "<group>";
		};
		CEF23E4C2E6C5F66002B903F /* Products */ = {
			isa = PBXGroup;
			children = (
				CEF23E4B2E6C5F66002B903F /* healthScanner.app */,
				CEF23E5D2E6C5F67002B903F /* healthScannerTests.xctest */,
				CEF23E672E6C5F67002B903F /* healthScannerUITests.xctest */,
			);
			name = Products;
			sourceTree = "<group>";
		};
		CEF23E4D2E6C5F66002B903F /* healthScanner */ = {
			isa = PBXGroup;
			children = (
				CEF23E4E2E6C5F66002B903F /* norrishApp.swift */,
				C0A1B2C32E6C5F6700000001 /* Models */,
				C0A1B2C42E6C5F6700000002 /* Services */,
				C0B2D0012E6C5F6700003001 /* ViewModels */,
				C0A1B2C52E6C5F6700000003 /* Views */,
				C0A1B2C62E6C5F6700000004 /* Scanning */,
				CEF0A0212E79AAAA00000021 /* Extensions */,
				C0A1B2C92E6C5F6700000007 /* Resources */,
			);
			path = healthScanner;
			sourceTree = "<group>";
		};
		CEF23E562E6C5F67002B903F /* Resources/Preview Content */ = {
			isa = PBXGroup;
			children = (
				CEF23E572E6C5F67002B903F /* Preview Assets.xcassets */,
			);
			path = "Resources/Preview Content";
			sourceTree = "<group>";
		};
		CEF0A0212E79AAAA00000021 /* Extensions */ = {
			isa = PBXGroup;
			children = (
				CEF0A0012E79AAAA00000001 /* LocalizationDebug.swift */,
				CEF0A0022E79AAAA00000002 /* String+Localization.swift */,
			);
			path = Extensions;
			sourceTree = "<group>";
		};
		CEF23E602E6C5F67002B903F /* healthScannerTests */ = {
			isa = PBXGroup;
			children = (
				CEF23E612E6C5F67002B903F /* healthScannerTests.swift */,
			);
			path = healthScannerTests;
			sourceTree = "<group>";
		};
		CEF23E6A2E6C5F67002B903F /* healthScannerUITests */ = {
			isa = PBXGroup;
			children = (
				CEF23E6B2E6C5F67002B903F /* healthScannerUITests.swift */,
				CEF23E6D2E6C5F67002B903F /* healthScannerUITestsLaunchTests.swift */,
			);
			path = healthScannerUITests;
			sourceTree = "<group>";
		};
/* End PBXGroup section */

/* Begin PBXNativeTarget section */
		CEF23E4A2E6C5F66002B903F /* healthScanner */ = {
			isa = PBXNativeTarget;
			buildConfigurationList = CEF23E712E6C5F67002B903F /* Build configuration list for PBXNativeTarget "healthScanner" */;
			buildPhases = (
				CEF23E472E6C5F66002B903F /* Sources */,
				CEF23E482E6C5F66002B903F /* Frameworks */,
				CEF23E492E6C5F66002B903F /* Resources */,
			);
			buildRules = (
			);
			dependencies = (
			);
			name = healthScanner;
			productName = healthScanner;
			productReference = CEF23E4B2E6C5F66002B903F /* healthScanner.app */;
			productType = "com.apple.product-type.application";
		};
		CEF23E5C2E6C5F67002B903F /* healthScannerTests */ = {
			isa = PBXNativeTarget;
			buildConfigurationList = CEF23E742E6C5F67002B903F /* Build configuration list for PBXNativeTarget "healthScannerTests" */;
			buildPhases = (
				CEF23E592E6C5F67002B903F /* Sources */,
				CEF23E5A2E6C5F67002B903F /* Frameworks */,
				CEF23E5B2E6C5F67002B903F /* Resources */,
			);
			buildRules = (
			);
			dependencies = (
				CEF23E5F2E6C5F67002B903F /* PBXTargetDependency */,
			);
			name = healthScannerTests;
			productName = healthScannerTests;
			productReference = CEF23E5D2E6C5F67002B903F /* healthScannerTests.xctest */;
			productType = "com.apple.product-type.bundle.unit-test";
		};
		CEF23E662E6C5F67002B903F /* healthScannerUITests */ = {
			isa = PBXNativeTarget;
			buildConfigurationList = CEF23E772E6C5F67002B903F /* Build configuration list for PBXNativeTarget "healthScannerUITests" */;
			buildPhases = (
				CEF23E632E6C5F67002B903F /* Sources */,
				CEF23E642E6C5F67002B903F /* Frameworks */,
				CEF23E652E6C5F67002B903F /* Resources */,
			);
			buildRules = (
			);
			dependencies = (
				CEF23E692E6C5F67002B903F /* PBXTargetDependency */,
			);
			name = healthScannerUITests;
			productName = healthScannerUITests;
			productReference = CEF23E672E6C5F67002B903F /* healthScannerUITests.xctest */;
			productType = "com.apple.product-type.bundle.ui-testing";
		};
/* End PBXNativeTarget section */

/* Begin PBXProject section */
		CEF23E432E6C5F66002B903F /* Project object */ = {
			isa = PBXProject;
			attributes = {
				BuildIndependentTargetsInParallel = 1;
				LastSwiftUpdateCheck = 1540;
				LastUpgradeCheck = 1540;
				TargetAttributes = {
					CEF23E4A2E6C5F66002B903F = {
						CreatedOnToolsVersion = 15.4;
					};
					CEF23E5C2E6C5F67002B903F = {
						CreatedOnToolsVersion = 15.4;
						TestTargetID = CEF23E4A2E6C5F66002B903F;
					};
					CEF23E662E6C5F67002B903F = {
						CreatedOnToolsVersion = 15.4;
						TestTargetID = CEF23E4A2E6C5F66002B903F;
					};
				};
			};
			buildConfigurationList = CEF23E462E6C5F66002B903F /* Build configuration list for PBXProject "healthScanner" */;
			compatibilityVersion = "Xcode 14.0";
			developmentRegion = en;
			hasScannedForEncodings = 0;
			knownRegions = (
				en,
				Base,
				sv,
			);
			mainGroup = CEF23E422E6C5F66002B903F;
			productRefGroup = CEF23E4C2E6C5F66002B903F /* Products */;
			projectDirPath = "";
			projectRoot = "";
			targets = (
				CEF23E4A2E6C5F66002B903F /* healthScanner */,
				CEF23E5C2E6C5F67002B903F /* healthScannerTests */,
				CEF23E662E6C5F67002B903F /* healthScannerUITests */,
			);
		};
/* End PBXProject section */

/* Begin PBXResourcesBuildPhase section */
		CEF23E492E6C5F66002B903F /* Resources */ = {
			isa = PBXResourcesBuildPhase;
			buildActionMask = 2147483647;
			files = (
				CED6D9E92E6F09A4006C1A7A /* Launch Screen.storyboard in Resources */,
				CE4959822E745D6000E68E6B /* IMG_9509.PNG in Resources */,
				CE4959832E745D6000E68E6B /* IMG_9510.PNG in Resources */,
				CEF23E582E6C5F67002B903F /* Preview Assets.xcassets in Resources */,
				CEEAF2FE2E784F0600C23C6E /* Localization in Resources */,
				CE49597B2E73FDE600E68E6B /* plate_analysis.png in Resources */,
				CEF23E552E6C5F67002B903F /* Assets.xcassets in Resources */,
			);
			runOnlyForDeploymentPostprocessing = 0;
		};
		CEF23E5B2E6C5F67002B903F /* Resources */ = {
			isa = PBXResourcesBuildPhase;
			buildActionMask = 2147483647;
			files = (
			);
			runOnlyForDeploymentPostprocessing = 0;
		};
		CEF23E652E6C5F67002B903F /* Resources */ = {
			isa = PBXResourcesBuildPhase;
			buildActionMask = 2147483647;
			files = (
			);
			runOnlyForDeploymentPostprocessing = 0;
		};
/* End PBXResourcesBuildPhase section */

/* Begin PBXSourcesBuildPhase section */
		CEF23E472E6C5F66002B903F /* Sources */ = {
			isa = PBXSourcesBuildPhase;
			buildActionMask = 2147483647;
			files = (
				C0B1C0102E6C5F6700001010 /* CachedAsyncImage.swift in Sources */,
				CEAAAB122E75AABB00E68E6B /* NutriScoreBadge.swift in Sources */,
				CEAAAB322E75B8AA00E68E6B /* NutritionCard.swift in Sources */,
				C0B2D0102E6C5F670000300A /* BarcodeScannerViewModel.swift in Sources */,
				CE32B42F2E78409D0044B77D /* NutriScoreInfoView.swift in Sources */,
				C0B2D0112E6C5F670000300B /* PlateAnalysisViewModel.swift in Sources */,
				C0B3E0102E6C5F670000400A /* RecentScan.swift in Sources */,
				C0B3E0112E6C5F670000400B /* RecentScanRow.swift in Sources */,
				C0B1C0112E6C5F6700001011 /* CameraBarcodeScannerView.swift in Sources */,
				C0B1C0132E6C5F6700001013 /* BarcodeScannerViewController.swift in Sources */,
				CEF23E832E6C655B002B903F /* BarcodeScannerView.swift in Sources */,
				CEE1A0CA2E719DD400A8F810 /* OpenAIService.swift in Sources */,
				CE49597E2E7443A200E68E6B /* PlateProgressRingView.swift in Sources */,
				CEF23E512E6C5F66002B903F /* ContentView.swift in Sources */,
				CEF23E852E6C658C002B903F /* Product.swift in Sources */,
				CEF23E912E6C660F002B903F /* NutriScoreUtilities.swift in Sources */,
				CED6D9EF2E706430006C1A7A /* PersonalizedInsightCarousel.swift in Sources */,
				CEF23E532E6C5F66002B903F /* Item.swift in Sources */,
				CED6D9F12E70669A006C1A7A /* PlateAnalysisHistory.swift in Sources */,
				CEF23E4F2E6C5F66002B903F /* norrishApp.swift in Sources */,
				CEF23E892E6C65FA002B903F /* ProductService.swift in Sources */,
				CEF23E872E6C65D0002B903F /* ProductDetailView.swift in Sources */,
				CED6D9F72E7180BD006C1A7A /* ARPlateScanNutrition.swift in Sources */,
				CED6D9ED2E7061EC006C1A7A /* PlateAnalysisView.swift in Sources */,
				CEE1A0C82E718D8C00A8F810 /* ARPlateScannerViewController.swift in Sources */,
				CED6D9EC2E7061EC006C1A7A /* PlateAnalysisResultView.swift in Sources */,
				CEF23E8B2E6C6600002B903F /* ImageCacheService.swift in Sources */,
				CED6D9F92E7189DD006C1A7A /* DualCameraPlateScannerViewController.swift in Sources */,
				CED6D9F32E7066B5006C1A7A /* PlateDetailView.swift in Sources */,
				CEAAAB012E75AAAA00E68E6B /* PlateHistoryDetailView.swift in Sources */,
				CEF0A0112E79AAAA00000011 /* LocalizationDebug.swift in Sources */,
				CEF0A0122E79AAAA00000012 /* String+Localization.swift in Sources */,
			);
			runOnlyForDeploymentPostprocessing = 0;
		};
		CEF23E592E6C5F67002B903F /* Sources */ = {
			isa = PBXSourcesBuildPhase;
			buildActionMask = 2147483647;
			files = (
				CEF23E622E6C5F67002B903F /* healthScannerTests.swift in Sources */,
			);
			runOnlyForDeploymentPostprocessing = 0;
		};
		CEF23E632E6C5F67002B903F /* Sources */ = {
			isa = PBXSourcesBuildPhase;
			buildActionMask = 2147483647;
			files = (
				CEF23E6C2E6C5F67002B903F /* healthScannerUITests.swift in Sources */,
				CEF23E6E2E6C5F67002B903F /* healthScannerUITestsLaunchTests.swift in Sources */,
			);
			runOnlyForDeploymentPostprocessing = 0;
		};
/* End PBXSourcesBuildPhase section */

/* Begin PBXTargetDependency section */
		CEF23E5F2E6C5F67002B903F /* PBXTargetDependency */ = {
			isa = PBXTargetDependency;
			target = CEF23E4A2E6C5F66002B903F /* healthScanner */;
			targetProxy = CEF23E5E2E6C5F67002B903F /* PBXContainerItemProxy */;
		};
		CEF23E692E6C5F67002B903F /* PBXTargetDependency */ = {
			isa = PBXTargetDependency;
			target = CEF23E4A2E6C5F66002B903F /* healthScanner */;
			targetProxy = CEF23E682E6C5F67002B903F /* PBXContainerItemProxy */;
		};
/* End PBXTargetDependency section */

/* Begin XCBuildConfiguration section */
		CEF23E6F2E6C5F67002B903F /* Debug */ = {
			isa = XCBuildConfiguration;
			buildSettings = {
				ALWAYS_SEARCH_USER_PATHS = NO;
				ASSETCATALOG_COMPILER_GENERATE_SWIFT_ASSET_SYMBOL_EXTENSIONS = YES;
				CLANG_ANALYZER_NONNULL = YES;
				CLANG_ANALYZER_NUMBER_OBJECT_CONVERSION = YES_AGGRESSIVE;
				CLANG_CXX_LANGUAGE_STANDARD = "gnu++20";
				CLANG_ENABLE_MODULES = YES;
				CLANG_ENABLE_OBJC_ARC = YES;
				CLANG_ENABLE_OBJC_WEAK = YES;
				CLANG_WARN_BLOCK_CAPTURE_AUTORELEASING = YES;
				CLANG_WARN_BOOL_CONVERSION = YES;
				CLANG_WARN_COMMA = YES;
				CLANG_WARN_CONSTANT_CONVERSION = YES;
				CLANG_WARN_DEPRECATED_OBJC_IMPLEMENTATIONS = YES;
				CLANG_WARN_DIRECT_OBJC_ISA_USAGE = YES_ERROR;
				CLANG_WARN_DOCUMENTATION_COMMENTS = YES;
				CLANG_WARN_EMPTY_BODY = YES;
				CLANG_WARN_ENUM_CONVERSION = YES;
				CLANG_WARN_INFINITE_RECURSION = YES;
				CLANG_WARN_INT_CONVERSION = YES;
				CLANG_WARN_NON_LITERAL_NULL_CONVERSION = YES;
				CLANG_WARN_OBJC_IMPLICIT_RETAIN_SELF = YES;
				CLANG_WARN_OBJC_LITERAL_CONVERSION = YES;
				CLANG_WARN_OBJC_ROOT_CLASS = YES_ERROR;
				CLANG_WARN_QUOTED_INCLUDE_IN_FRAMEWORK_HEADER = YES;
				CLANG_WARN_RANGE_LOOP_ANALYSIS = YES;
				CLANG_WARN_STRICT_PROTOTYPES = YES;
				CLANG_WARN_SUSPICIOUS_MOVE = YES;
				CLANG_WARN_UNGUARDED_AVAILABILITY = YES_AGGRESSIVE;
				CLANG_WARN_UNREACHABLE_CODE = YES;
				CLANG_WARN__DUPLICATE_METHOD_MATCH = YES;
				COPY_PHASE_STRIP = NO;
				DEBUG_INFORMATION_FORMAT = dwarf;
				ENABLE_STRICT_OBJC_MSGSEND = YES;
				ENABLE_TESTABILITY = YES;
				ENABLE_USER_SCRIPT_SANDBOXING = YES;
				GCC_C_LANGUAGE_STANDARD = gnu17;
				GCC_DYNAMIC_NO_PIC = NO;
				GCC_NO_COMMON_BLOCKS = YES;
				GCC_OPTIMIZATION_LEVEL = 0;
				GCC_PREPROCESSOR_DEFINITIONS = (
					"DEBUG=1",
					"$(inherited)",
				);
				GCC_WARN_64_TO_32_BIT_CONVERSION = YES;
				GCC_WARN_ABOUT_RETURN_TYPE = YES_ERROR;
				GCC_WARN_UNDECLARED_SELECTOR = YES;
				GCC_WARN_UNINITIALIZED_AUTOS = YES_AGGRESSIVE;
				GCC_WARN_UNUSED_FUNCTION = YES;
				GCC_WARN_UNUSED_VARIABLE = YES;
				IPHONEOS_DEPLOYMENT_TARGET = 17.5;
				LOCALIZATION_PREFERS_STRING_CATALOGS = YES;
				MTL_ENABLE_DEBUG_INFO = INCLUDE_SOURCE;
				MTL_FAST_MATH = YES;
				ONLY_ACTIVE_ARCH = YES;
				SDKROOT = iphoneos;
				SWIFT_ACTIVE_COMPILATION_CONDITIONS = "DEBUG $(inherited)";
				SWIFT_OPTIMIZATION_LEVEL = "-Onone";
			};
			name = Debug;
		};
		CEF23E702E6C5F67002B903F /* Release */ = {
			isa = XCBuildConfiguration;
			buildSettings = {
				ALWAYS_SEARCH_USER_PATHS = NO;
				ASSETCATALOG_COMPILER_GENERATE_SWIFT_ASSET_SYMBOL_EXTENSIONS = YES;
				CLANG_ANALYZER_NONNULL = YES;
				CLANG_ANALYZER_NUMBER_OBJECT_CONVERSION = YES_AGGRESSIVE;
				CLANG_CXX_LANGUAGE_STANDARD = "gnu++20";
				CLANG_ENABLE_MODULES = YES;
				CLANG_ENABLE_OBJC_ARC = YES;
				CLANG_ENABLE_OBJC_WEAK = YES;
				CLANG_WARN_BLOCK_CAPTURE_AUTORELEASING = YES;
				CLANG_WARN_BOOL_CONVERSION = YES;
				CLANG_WARN_COMMA = YES;
				CLANG_WARN_CONSTANT_CONVERSION = YES;
				CLANG_WARN_DEPRECATED_OBJC_IMPLEMENTATIONS = YES;
				CLANG_WARN_DIRECT_OBJC_ISA_USAGE = YES_ERROR;
				CLANG_WARN_DOCUMENTATION_COMMENTS = YES;
				CLANG_WARN_EMPTY_BODY = YES;
				CLANG_WARN_ENUM_CONVERSION = YES;
				CLANG_WARN_INFINITE_RECURSION = YES;
				CLANG_WARN_INT_CONVERSION = YES;
				CLANG_WARN_NON_LITERAL_NULL_CONVERSION = YES;
				CLANG_WARN_OBJC_IMPLICIT_RETAIN_SELF = YES;
				CLANG_WARN_OBJC_LITERAL_CONVERSION = YES;
				CLANG_WARN_OBJC_ROOT_CLASS = YES_ERROR;
				CLANG_WARN_QUOTED_INCLUDE_IN_FRAMEWORK_HEADER = YES;
				CLANG_WARN_RANGE_LOOP_ANALYSIS = YES;
				CLANG_WARN_STRICT_PROTOTYPES = YES;
				CLANG_WARN_SUSPICIOUS_MOVE = YES;
				CLANG_WARN_UNGUARDED_AVAILABILITY = YES_AGGRESSIVE;
				CLANG_WARN_UNREACHABLE_CODE = YES;
				CLANG_WARN__DUPLICATE_METHOD_MATCH = YES;
				COPY_PHASE_STRIP = NO;
				DEBUG_INFORMATION_FORMAT = "dwarf-with-dsym";
				ENABLE_NS_ASSERTIONS = NO;
				ENABLE_STRICT_OBJC_MSGSEND = YES;
				ENABLE_USER_SCRIPT_SANDBOXING = YES;
				GCC_C_LANGUAGE_STANDARD = gnu17;
				GCC_NO_COMMON_BLOCKS = YES;
				GCC_WARN_64_TO_32_BIT_CONVERSION = YES;
				GCC_WARN_ABOUT_RETURN_TYPE = YES_ERROR;
				GCC_WARN_UNDECLARED_SELECTOR = YES;
				GCC_WARN_UNINITIALIZED_AUTOS = YES_AGGRESSIVE;
				GCC_WARN_UNUSED_FUNCTION = YES;
				GCC_WARN_UNUSED_VARIABLE = YES;
				IPHONEOS_DEPLOYMENT_TARGET = 17.5;
				LOCALIZATION_PREFERS_STRING_CATALOGS = YES;
				MTL_ENABLE_DEBUG_INFO = NO;
				MTL_FAST_MATH = YES;
				SDKROOT = iphoneos;
				SWIFT_COMPILATION_MODE = wholemodule;
				VALIDATE_PRODUCT = YES;
			};
			name = Release;
		};
		CEF23E722E6C5F67002B903F /* Debug */ = {
			isa = XCBuildConfiguration;
			buildSettings = {
				ASSETCATALOG_COMPILER_APPICON_NAME = AppIcon;
				ASSETCATALOG_COMPILER_GLOBAL_ACCENT_COLOR_NAME = AccentColor;
				CODE_SIGN_STYLE = Automatic;
				CURRENT_PROJECT_VERSION = 1;
				DEVELOPMENT_ASSET_PATHS = "\"healthScanner/Resources/Preview Content\"";
				DEVELOPMENT_TEAM = W68D4B8SR3;
				ENABLE_PREVIEWS = YES;
				GENERATE_INFOPLIST_FILE = YES;
				INFOPLIST_FILE = healthScanner/Resources/Info.plist;
				INFOPLIST_KEY_CFBundleDisplayName = Norrish;
				INFOPLIST_KEY_LSApplicationCategoryType = "";
				INFOPLIST_KEY_NSCameraUsageDescription = "Needs camera access scanning the plate";
				INFOPLIST_KEY_UIApplicationSceneManifest_Generation = YES;
				INFOPLIST_KEY_UIApplicationSupportsIndirectInputEvents = YES;
				INFOPLIST_KEY_UILaunchScreen_Generation = YES;
				INFOPLIST_KEY_UILaunchStoryboardName = "Launch Screen.storyboard";
				INFOPLIST_KEY_UIRequiredDeviceCapabilities = "Requires\\ AR\\ ";
				INFOPLIST_KEY_UIStatusBarStyle = "";
				INFOPLIST_KEY_UISupportedInterfaceOrientations = "UIInterfaceOrientationPortrait UIInterfaceOrientationPortraitUpsideDown";
				LD_RUNPATH_SEARCH_PATHS = (
					"$(inherited)",
					"@executable_path/Frameworks",
				);
				MARKETING_VERSION = 1.0;
				PRODUCT_BUNDLE_IDENTIFIER = com.myftiu.ios.norrish;
				PRODUCT_NAME = "$(TARGET_NAME)";
				SUPPORTED_PLATFORMS = "iphoneos iphonesimulator";
				SUPPORTS_MACCATALYST = NO;
				SUPPORTS_MAC_DESIGNED_FOR_IPHONE_IPAD = NO;
				SUPPORTS_XR_DESIGNED_FOR_IPHONE_IPAD = NO;
				SWIFT_EMIT_LOC_STRINGS = YES;
				SWIFT_VERSION = 5.0;
				TARGETED_DEVICE_FAMILY = 1;
			};
			name = Debug;
		};
		CEF23E732E6C5F67002B903F /* Release */ = {
			isa = XCBuildConfiguration;
			buildSettings = {
				ASSETCATALOG_COMPILER_APPICON_NAME = AppIcon;
				ASSETCATALOG_COMPILER_GLOBAL_ACCENT_COLOR_NAME = AccentColor;
				CODE_SIGN_STYLE = Automatic;
				CURRENT_PROJECT_VERSION = 1;
				DEVELOPMENT_ASSET_PATHS = "\"healthScanner/Resources/Preview Content\"";
				DEVELOPMENT_TEAM = W68D4B8SR3;
				ENABLE_PREVIEWS = YES;
				GENERATE_INFOPLIST_FILE = YES;
				INFOPLIST_FILE = healthScanner/Resources/Info.plist;
				INFOPLIST_KEY_CFBundleDisplayName = Norrish;
				INFOPLIST_KEY_LSApplicationCategoryType = "";
				INFOPLIST_KEY_NSCameraUsageDescription = "Needs camera access scanning the plate";
				INFOPLIST_KEY_UIApplicationSceneManifest_Generation = YES;
				INFOPLIST_KEY_UIApplicationSupportsIndirectInputEvents = YES;
				INFOPLIST_KEY_UILaunchScreen_Generation = YES;
				INFOPLIST_KEY_UILaunchStoryboardName = "Launch Screen.storyboard";
				INFOPLIST_KEY_UIRequiredDeviceCapabilities = "Requires\\ AR\\ ";
				INFOPLIST_KEY_UIStatusBarStyle = "";
				INFOPLIST_KEY_UISupportedInterfaceOrientations = "UIInterfaceOrientationPortrait UIInterfaceOrientationPortraitUpsideDown";
				LD_RUNPATH_SEARCH_PATHS = (
					"$(inherited)",
					"@executable_path/Frameworks",
				);
				MARKETING_VERSION = 1.0;
				PRODUCT_BUNDLE_IDENTIFIER = com.myftiu.ios.norrish;
				PRODUCT_NAME = "$(TARGET_NAME)";
				SUPPORTED_PLATFORMS = "iphoneos iphonesimulator";
				SUPPORTS_MACCATALYST = NO;
				SUPPORTS_MAC_DESIGNED_FOR_IPHONE_IPAD = NO;
				SUPPORTS_XR_DESIGNED_FOR_IPHONE_IPAD = NO;
				SWIFT_EMIT_LOC_STRINGS = YES;
				SWIFT_VERSION = 5.0;
				TARGETED_DEVICE_FAMILY = 1;
			};
			name = Release;
		};
		CEF23E752E6C5F67002B903F /* Debug */ = {
			isa = XCBuildConfiguration;
			buildSettings = {
				ALWAYS_EMBED_SWIFT_STANDARD_LIBRARIES = YES;
				BUNDLE_LOADER = "$(TEST_HOST)";
				CODE_SIGN_STYLE = Automatic;
				CURRENT_PROJECT_VERSION = 1;
				GENERATE_INFOPLIST_FILE = YES;
				IPHONEOS_DEPLOYMENT_TARGET = 17.5;
				MARKETING_VERSION = 1.0;
				PRODUCT_BUNDLE_IDENTIFIER = com.myftiu.ios.healthScannerTests;
				PRODUCT_NAME = "$(TARGET_NAME)";
				SWIFT_EMIT_LOC_STRINGS = NO;
				SWIFT_VERSION = 5.0;
				TARGETED_DEVICE_FAMILY = "1,2";
				TEST_HOST = "$(BUILT_PRODUCTS_DIR)/healthScanner.app/$(BUNDLE_EXECUTABLE_FOLDER_PATH)/healthScanner";
			};
			name = Debug;
		};
		CEF23E762E6C5F67002B903F /* Release */ = {
			isa = XCBuildConfiguration;
			buildSettings = {
				ALWAYS_EMBED_SWIFT_STANDARD_LIBRARIES = YES;
				BUNDLE_LOADER = "$(TEST_HOST)";
				CODE_SIGN_STYLE = Automatic;
				CURRENT_PROJECT_VERSION = 1;
				GENERATE_INFOPLIST_FILE = YES;
				IPHONEOS_DEPLOYMENT_TARGET = 17.5;
				MARKETING_VERSION = 1.0;
				PRODUCT_BUNDLE_IDENTIFIER = com.myftiu.ios.healthScannerTests;
				PRODUCT_NAME = "$(TARGET_NAME)";
				SWIFT_EMIT_LOC_STRINGS = NO;
				SWIFT_VERSION = 5.0;
				TARGETED_DEVICE_FAMILY = "1,2";
				TEST_HOST = "$(BUILT_PRODUCTS_DIR)/healthScanner.app/$(BUNDLE_EXECUTABLE_FOLDER_PATH)/healthScanner";
			};
			name = Release;
		};
		CEF23E782E6C5F67002B903F /* Debug */ = {
			isa = XCBuildConfiguration;
			buildSettings = {
				ALWAYS_EMBED_SWIFT_STANDARD_LIBRARIES = YES;
				CODE_SIGN_STYLE = Automatic;
				CURRENT_PROJECT_VERSION = 1;
				GENERATE_INFOPLIST_FILE = YES;
				MARKETING_VERSION = 1.0;
				PRODUCT_BUNDLE_IDENTIFIER = com.myftiu.ios.healthScannerUITests;
				PRODUCT_NAME = "$(TARGET_NAME)";
				SWIFT_EMIT_LOC_STRINGS = NO;
				SWIFT_VERSION = 5.0;
				TARGETED_DEVICE_FAMILY = "1,2";
				TEST_TARGET_NAME = healthScanner;
			};
			name = Debug;
		};
		CEF23E792E6C5F67002B903F /* Release */ = {
			isa = XCBuildConfiguration;
			buildSettings = {
				ALWAYS_EMBED_SWIFT_STANDARD_LIBRARIES = YES;
				CODE_SIGN_STYLE = Automatic;
				CURRENT_PROJECT_VERSION = 1;
				GENERATE_INFOPLIST_FILE = YES;
				MARKETING_VERSION = 1.0;
				PRODUCT_BUNDLE_IDENTIFIER = com.myftiu.ios.healthScannerUITests;
				PRODUCT_NAME = "$(TARGET_NAME)";
				SWIFT_EMIT_LOC_STRINGS = NO;
				SWIFT_VERSION = 5.0;
				TARGETED_DEVICE_FAMILY = "1,2";
				TEST_TARGET_NAME = healthScanner;
			};
			name = Release;
		};
/* End XCBuildConfiguration section */

/* Begin XCConfigurationList section */
		CEF23E462E6C5F66002B903F /* Build configuration list for PBXProject "healthScanner" */ = {
			isa = XCConfigurationList;
			buildConfigurations = (
				CEF23E6F2E6C5F67002B903F /* Debug */,
				CEF23E702E6C5F67002B903F /* Release */,
			);
			defaultConfigurationIsVisible = 0;
			defaultConfigurationName = Release;
		};
		CEF23E712E6C5F67002B903F /* Build configuration list for PBXNativeTarget "healthScanner" */ = {
			isa = XCConfigurationList;
			buildConfigurations = (
				CEF23E722E6C5F67002B903F /* Debug */,
				CEF23E732E6C5F67002B903F /* Release */,
			);
			defaultConfigurationIsVisible = 0;
			defaultConfigurationName = Release;
		};
		CEF23E742E6C5F67002B903F /* Build configuration list for PBXNativeTarget "healthScannerTests" */ = {
			isa = XCConfigurationList;
			buildConfigurations = (
				CEF23E752E6C5F67002B903F /* Debug */,
				CEF23E762E6C5F67002B903F /* Release */,
			);
			defaultConfigurationIsVisible = 0;
			defaultConfigurationName = Release;
		};
		CEF23E772E6C5F67002B903F /* Build configuration list for PBXNativeTarget "healthScannerUITests" */ = {
			isa = XCConfigurationList;
			buildConfigurations = (
				CEF23E782E6C5F67002B903F /* Debug */,
				CEF23E792E6C5F67002B903F /* Release */,
			);
			defaultConfigurationIsVisible = 0;
			defaultConfigurationName = Release;
		};
/* End XCConfigurationList section */
	};
	rootObject = CEF23E432E6C5F66002B903F /* Project object */;
}
